// !$*UTF8*$!
{
	archiveVersion = 1;
	classes = {
	};
	objectVersion = 55;
	objects = {

/* Begin PBXBuildFile section */
		1C5BFC8826FD55BD00E39155 /* AppDelegate.swift in Sources */ = {isa = PBXBuildFile; fileRef = 1C5BFC8726FD55BD00E39155 /* AppDelegate.swift */; };
		1C5BFC8A26FD55BD00E39155 /* SceneDelegate.swift in Sources */ = {isa = PBXBuildFile; fileRef = 1C5BFC8926FD55BD00E39155 /* SceneDelegate.swift */; };
		1C5BFC8C26FD55BD00E39155 /* ViewController.swift in Sources */ = {isa = PBXBuildFile; fileRef = 1C5BFC8B26FD55BD00E39155 /* ViewController.swift */; };
		1C5BFC8F26FD55BD00E39155 /* Main.storyboard in Resources */ = {isa = PBXBuildFile; fileRef = 1C5BFC8D26FD55BD00E39155 /* Main.storyboard */; };
		1C5BFC9126FD55C200E39155 /* Assets.xcassets in Resources */ = {isa = PBXBuildFile; fileRef = 1C5BFC9026FD55C200E39155 /* Assets.xcassets */; };
		1C5BFC9426FD55C200E39155 /* LaunchScreen.storyboard in Resources */ = {isa = PBXBuildFile; fileRef = 1C5BFC9226FD55C200E39155 /* LaunchScreen.storyboard */; };
		1C5BFC9F26FD55C200E39155 /* FlixAppTests.swift in Sources */ = {isa = PBXBuildFile; fileRef = 1C5BFC9E26FD55C200E39155 /* FlixAppTests.swift */; };
		1C5BFCA926FD55C200E39155 /* FlixAppUITests.swift in Sources */ = {isa = PBXBuildFile; fileRef = 1C5BFCA826FD55C200E39155 /* FlixAppUITests.swift */; };
		1C5BFCAB26FD55C200E39155 /* FlixAppUITestsLaunchTests.swift in Sources */ = {isa = PBXBuildFile; fileRef = 1C5BFCAA26FD55C200E39155 /* FlixAppUITestsLaunchTests.swift */; };
		1C5BFCB826FD74AE00E39155 /* MovieCell.swift in Sources */ = {isa = PBXBuildFile; fileRef = 1C5BFCB726FD74AE00E39155 /* MovieCell.swift */; };
		1C5BFCBB26FD795400E39155 /* AlamofireImage in Frameworks */ = {isa = PBXBuildFile; productRef = 1C5BFCBA26FD795400E39155 /* AlamofireImage */; };
		301796E1E6892D3718DBD58D /* Pods_FlixAppTests.framework in Frameworks */ = {isa = PBXBuildFile; fileRef = BC94E8AC90B19E4109C2B8F3 /* Pods_FlixAppTests.framework */; };
		3CAB8D88F738845C20EE36CD /* Pods_FlixApp.framework in Frameworks */ = {isa = PBXBuildFile; fileRef = 1DDA7A8F18CF12C008935B2C /* Pods_FlixApp.framework */; };
		449F4F4CA189470BB1FA7135 /* Pods_FlixApp_FlixAppUITests.framework in Frameworks */ = {isa = PBXBuildFile; fileRef = E624FE023DE10D17BA689167 /* Pods_FlixApp_FlixAppUITests.framework */; };
/* End PBXBuildFile section */

/* Begin PBXContainerItemProxy section */
		1C5BFC9B26FD55C200E39155 /* PBXContainerItemProxy */ = {
			isa = PBXContainerItemProxy;
			containerPortal = 1C5BFC7C26FD55BD00E39155 /* Project object */;
			proxyType = 1;
			remoteGlobalIDString = 1C5BFC8326FD55BD00E39155;
			remoteInfo = FlixApp;
		};
		1C5BFCA526FD55C200E39155 /* PBXContainerItemProxy */ = {
			isa = PBXContainerItemProxy;
			containerPortal = 1C5BFC7C26FD55BD00E39155 /* Project object */;
			proxyType = 1;
			remoteGlobalIDString = 1C5BFC8326FD55BD00E39155;
			remoteInfo = FlixApp;
		};
/* End PBXContainerItemProxy section */

/* Begin PBXFileReference section */
		1C5BFC8426FD55BD00E39155 /* FlixApp.app */ = {isa = PBXFileReference; explicitFileType = wrapper.application; includeInIndex = 0; path = FlixApp.app; sourceTree = BUILT_PRODUCTS_DIR; };
		1C5BFC8726FD55BD00E39155 /* AppDelegate.swift */ = {isa = PBXFileReference; lastKnownFileType = sourcecode.swift; path = AppDelegate.swift; sourceTree = "<group>"; };
		1C5BFC8926FD55BD00E39155 /* SceneDelegate.swift */ = {isa = PBXFileReference; lastKnownFileType = sourcecode.swift; path = SceneDelegate.swift; sourceTree = "<group>"; };
		1C5BFC8B26FD55BD00E39155 /* ViewController.swift */ = {isa = PBXFileReference; lastKnownFileType = sourcecode.swift; path = ViewController.swift; sourceTree = "<group>"; };
		1C5BFC8E26FD55BD00E39155 /* Base */ = {isa = PBXFileReference; lastKnownFileType = file.storyboard; name = Base; path = Base.lproj/Main.storyboard; sourceTree = "<group>"; };
		1C5BFC9026FD55C200E39155 /* Assets.xcassets */ = {isa = PBXFileReference; lastKnownFileType = folder.assetcatalog; path = Assets.xcassets; sourceTree = "<group>"; };
		1C5BFC9326FD55C200E39155 /* Base */ = {isa = PBXFileReference; lastKnownFileType = file.storyboard; name = Base; path = Base.lproj/LaunchScreen.storyboard; sourceTree = "<group>"; };
		1C5BFC9526FD55C200E39155 /* Info.plist */ = {isa = PBXFileReference; lastKnownFileType = text.plist.xml; path = Info.plist; sourceTree = "<group>"; };
		1C5BFC9A26FD55C200E39155 /* FlixAppTests.xctest */ = {isa = PBXFileReference; explicitFileType = wrapper.cfbundle; includeInIndex = 0; path = FlixAppTests.xctest; sourceTree = BUILT_PRODUCTS_DIR; };
		1C5BFC9E26FD55C200E39155 /* FlixAppTests.swift */ = {isa = PBXFileReference; lastKnownFileType = sourcecode.swift; path = FlixAppTests.swift; sourceTree = "<group>"; };
		1C5BFCA426FD55C200E39155 /* FlixAppUITests.xctest */ = {isa = PBXFileReference; explicitFileType = wrapper.cfbundle; includeInIndex = 0; path = FlixAppUITests.xctest; sourceTree = BUILT_PRODUCTS_DIR; };
		1C5BFCA826FD55C200E39155 /* FlixAppUITests.swift */ = {isa = PBXFileReference; lastKnownFileType = sourcecode.swift; path = FlixAppUITests.swift; sourceTree = "<group>"; };
		1C5BFCAA26FD55C200E39155 /* FlixAppUITestsLaunchTests.swift */ = {isa = PBXFileReference; lastKnownFileType = sourcecode.swift; path = FlixAppUITestsLaunchTests.swift; sourceTree = "<group>"; };
		1C5BFCB726FD74AE00E39155 /* MovieCell.swift */ = {isa = PBXFileReference; lastKnownFileType = sourcecode.swift; path = MovieCell.swift; sourceTree = "<group>"; };
		1DDA7A8F18CF12C008935B2C /* Pods_FlixApp.framework */ = {isa = PBXFileReference; explicitFileType = wrapper.framework; includeInIndex = 0; path = Pods_FlixApp.framework; sourceTree = BUILT_PRODUCTS_DIR; };
		47A8208658AA9975CDA7DC16 /* Pods-FlixApp-FlixAppUITests.debug.xcconfig */ = {isa = PBXFileReference; includeInIndex = 1; lastKnownFileType = text.xcconfig; name = "Pods-FlixApp-FlixAppUITests.debug.xcconfig"; path = "Target Support Files/Pods-FlixApp-FlixAppUITests/Pods-FlixApp-FlixAppUITests.debug.xcconfig"; sourceTree = "<group>"; };
		62CB6790D46B105FC2D9DE28 /* Pods-FlixApp-FlixAppUITests.release.xcconfig */ = {isa = PBXFileReference; includeInIndex = 1; lastKnownFileType = text.xcconfig; name = "Pods-FlixApp-FlixAppUITests.release.xcconfig"; path = "Target Support Files/Pods-FlixApp-FlixAppUITests/Pods-FlixApp-FlixAppUITests.release.xcconfig"; sourceTree = "<group>"; };
		80671C324A8DDAD44C5DAC9A /* Pods-FlixAppTests.release.xcconfig */ = {isa = PBXFileReference; includeInIndex = 1; lastKnownFileType = text.xcconfig; name = "Pods-FlixAppTests.release.xcconfig"; path = "Target Support Files/Pods-FlixAppTests/Pods-FlixAppTests.release.xcconfig"; sourceTree = "<group>"; };
		ACE41B687F81DD25E31AAEF6 /* Pods-FlixApp.release.xcconfig */ = {isa = PBXFileReference; includeInIndex = 1; lastKnownFileType = text.xcconfig; name = "Pods-FlixApp.release.xcconfig"; path = "Target Support Files/Pods-FlixApp/Pods-FlixApp.release.xcconfig"; sourceTree = "<group>"; };
		BC94E8AC90B19E4109C2B8F3 /* Pods_FlixAppTests.framework */ = {isa = PBXFileReference; explicitFileType = wrapper.framework; includeInIndex = 0; path = Pods_FlixAppTests.framework; sourceTree = BUILT_PRODUCTS_DIR; };
		C66C88AF3D44AE92336BC9B9 /* Pods-FlixApp.debug.xcconfig */ = {isa = PBXFileReference; includeInIndex = 1; lastKnownFileType = text.xcconfig; name = "Pods-FlixApp.debug.xcconfig"; path = "Target Support Files/Pods-FlixApp/Pods-FlixApp.debug.xcconfig"; sourceTree = "<group>"; };
		C9C051A49C142311D6279E35 /* Pods-FlixAppTests.debug.xcconfig */ = {isa = PBXFileReference; includeInIndex = 1; lastKnownFileType = text.xcconfig; name = "Pods-FlixAppTests.debug.xcconfig"; path = "Target Support Files/Pods-FlixAppTests/Pods-FlixAppTests.debug.xcconfig"; sourceTree = "<group>"; };
		E624FE023DE10D17BA689167 /* Pods_FlixApp_FlixAppUITests.framework */ = {isa = PBXFileReference; explicitFileType = wrapper.framework; includeInIndex = 0; path = Pods_FlixApp_FlixAppUITests.framework; sourceTree = BUILT_PRODUCTS_DIR; };
/* End PBXFileReference section */

/* Begin PBXFrameworksBuildPhase section */
		1C5BFC8126FD55BD00E39155 /* Frameworks */ = {
			isa = PBXFrameworksBuildPhase;
			buildActionMask = 2147483647;
			files = (
				1C5BFCBB26FD795400E39155 /* AlamofireImage in Frameworks */,
				3CAB8D88F738845C20EE36CD /* Pods_FlixApp.framework in Frameworks */,
			);
			runOnlyForDeploymentPostprocessing = 0;
		};
		1C5BFC9726FD55C200E39155 /* Frameworks */ = {
			isa = PBXFrameworksBuildPhase;
			buildActionMask = 2147483647;
			files = (
				301796E1E6892D3718DBD58D /* Pods_FlixAppTests.framework in Frameworks */,
			);
			runOnlyForDeploymentPostprocessing = 0;
		};
		1C5BFCA126FD55C200E39155 /* Frameworks */ = {
			isa = PBXFrameworksBuildPhase;
			buildActionMask = 2147483647;
			files = (
				449F4F4CA189470BB1FA7135 /* Pods_FlixApp_FlixAppUITests.framework in Frameworks */,
			);
			runOnlyForDeploymentPostprocessing = 0;
		};
/* End PBXFrameworksBuildPhase section */

/* Begin PBXGroup section */
		1C5BFC7B26FD55BD00E39155 = {
			isa = PBXGroup;
			children = (
				1C5BFC8626FD55BD00E39155 /* FlixApp */,
				1C5BFC9D26FD55C200E39155 /* FlixAppTests */,
				1C5BFCA726FD55C200E39155 /* FlixAppUITests */,
				1C5BFC8526FD55BD00E39155 /* Products */,
				6696C4831323F8CE04305643 /* Pods */,
				63DAC53CF006CC09F22A86FA /* Frameworks */,
			);
			sourceTree = "<group>";
		};
		1C5BFC8526FD55BD00E39155 /* Products */ = {
			isa = PBXGroup;
			children = (
				1C5BFC8426FD55BD00E39155 /* FlixApp.app */,
				1C5BFC9A26FD55C200E39155 /* FlixAppTests.xctest */,
				1C5BFCA426FD55C200E39155 /* FlixAppUITests.xctest */,
			);
			name = Products;
			sourceTree = "<group>";
		};
		1C5BFC8626FD55BD00E39155 /* FlixApp */ = {
			isa = PBXGroup;
			children = (
				1C5BFC8726FD55BD00E39155 /* AppDelegate.swift */,
				1C5BFC8926FD55BD00E39155 /* SceneDelegate.swift */,
				1C5BFC8B26FD55BD00E39155 /* ViewController.swift */,
				1C5BFC8D26FD55BD00E39155 /* Main.storyboard */,
				1C5BFCB726FD74AE00E39155 /* MovieCell.swift */,
				1C5BFC9026FD55C200E39155 /* Assets.xcassets */,
				1C5BFC9226FD55C200E39155 /* LaunchScreen.storyboard */,
				1C5BFC9526FD55C200E39155 /* Info.plist */,
			);
			path = FlixApp;
			sourceTree = "<group>";
		};
		1C5BFC9D26FD55C200E39155 /* FlixAppTests */ = {
			isa = PBXGroup;
			children = (
				1C5BFC9E26FD55C200E39155 /* FlixAppTests.swift */,
			);
			path = FlixAppTests;
			sourceTree = "<group>";
		};
		1C5BFCA726FD55C200E39155 /* FlixAppUITests */ = {
			isa = PBXGroup;
			children = (
				1C5BFCA826FD55C200E39155 /* FlixAppUITests.swift */,
				1C5BFCAA26FD55C200E39155 /* FlixAppUITestsLaunchTests.swift */,
			);
			path = FlixAppUITests;
			sourceTree = "<group>";
		};
		63DAC53CF006CC09F22A86FA /* Frameworks */ = {
			isa = PBXGroup;
			children = (
				1DDA7A8F18CF12C008935B2C /* Pods_FlixApp.framework */,
				E624FE023DE10D17BA689167 /* Pods_FlixApp_FlixAppUITests.framework */,
				BC94E8AC90B19E4109C2B8F3 /* Pods_FlixAppTests.framework */,
			);
			name = Frameworks;
			sourceTree = "<group>";
		};
		6696C4831323F8CE04305643 /* Pods */ = {
			isa = PBXGroup;
			children = (
				C66C88AF3D44AE92336BC9B9 /* Pods-FlixApp.debug.xcconfig */,
				ACE41B687F81DD25E31AAEF6 /* Pods-FlixApp.release.xcconfig */,
				47A8208658AA9975CDA7DC16 /* Pods-FlixApp-FlixAppUITests.debug.xcconfig */,
				62CB6790D46B105FC2D9DE28 /* Pods-FlixApp-FlixAppUITests.release.xcconfig */,
				C9C051A49C142311D6279E35 /* Pods-FlixAppTests.debug.xcconfig */,
				80671C324A8DDAD44C5DAC9A /* Pods-FlixAppTests.release.xcconfig */,
			);
			name = Pods;
			path = Pods;
			sourceTree = "<group>";
		};
/* End PBXGroup section */

/* Begin PBXNativeTarget section */
		1C5BFC8326FD55BD00E39155 /* FlixApp */ = {
			isa = PBXNativeTarget;
			buildConfigurationList = 1C5BFCAE26FD55C200E39155 /* Build configuration list for PBXNativeTarget "FlixApp" */;
			buildPhases = (
				BE2AD38C7A64635887930F1D /* [CP] Check Pods Manifest.lock */,
				1C5BFC8026FD55BD00E39155 /* Sources */,
				1C5BFC8126FD55BD00E39155 /* Frameworks */,
				1C5BFC8226FD55BD00E39155 /* Resources */,
				D8D3492986D551780C9C0B4F /* [CP] Embed Pods Frameworks */,
			);
			buildRules = (
			);
			dependencies = (
			);
			name = FlixApp;
			packageProductDependencies = (
				1C5BFCBA26FD795400E39155 /* AlamofireImage */,
			);
			productName = FlixApp;
			productReference = 1C5BFC8426FD55BD00E39155 /* FlixApp.app */;
			productType = "com.apple.product-type.application";
		};
		1C5BFC9926FD55C200E39155 /* FlixAppTests */ = {
			isa = PBXNativeTarget;
			buildConfigurationList = 1C5BFCB126FD55C200E39155 /* Build configuration list for PBXNativeTarget "FlixAppTests" */;
			buildPhases = (
				E2C43ABB94913A8FCD04F9F8 /* [CP] Check Pods Manifest.lock */,
				1C5BFC9626FD55C200E39155 /* Sources */,
				1C5BFC9726FD55C200E39155 /* Frameworks */,
				1C5BFC9826FD55C200E39155 /* Resources */,
			);
			buildRules = (
			);
			dependencies = (
				1C5BFC9C26FD55C200E39155 /* PBXTargetDependency */,
			);
			name = FlixAppTests;
			productName = FlixAppTests;
			productReference = 1C5BFC9A26FD55C200E39155 /* FlixAppTests.xctest */;
			productType = "com.apple.product-type.bundle.unit-test";
		};
		1C5BFCA326FD55C200E39155 /* FlixAppUITests */ = {
			isa = PBXNativeTarget;
			buildConfigurationList = 1C5BFCB426FD55C200E39155 /* Build configuration list for PBXNativeTarget "FlixAppUITests" */;
			buildPhases = (
				C88EACE59B64EB4E80CF278A /* [CP] Check Pods Manifest.lock */,
				1C5BFCA026FD55C200E39155 /* Sources */,
				1C5BFCA126FD55C200E39155 /* Frameworks */,
				1C5BFCA226FD55C200E39155 /* Resources */,
				71DE84A3D7D7D29E99CCE6C8 /* [CP] Embed Pods Frameworks */,
			);
			buildRules = (
			);
			dependencies = (
				1C5BFCA626FD55C200E39155 /* PBXTargetDependency */,
			);
			name = FlixAppUITests;
			productName = FlixAppUITests;
			productReference = 1C5BFCA426FD55C200E39155 /* FlixAppUITests.xctest */;
			productType = "com.apple.product-type.bundle.ui-testing";
		};
/* End PBXNativeTarget section */

/* Begin PBXProject section */
		1C5BFC7C26FD55BD00E39155 /* Project object */ = {
			isa = PBXProject;
			attributes = {
				BuildIndependentTargetsInParallel = 1;
				LastSwiftUpdateCheck = 1300;
				LastUpgradeCheck = 1300;
				TargetAttributes = {
					1C5BFC8326FD55BD00E39155 = {
						CreatedOnToolsVersion = 13.0;
					};
					1C5BFC9926FD55C200E39155 = {
						CreatedOnToolsVersion = 13.0;
						TestTargetID = 1C5BFC8326FD55BD00E39155;
					};
					1C5BFCA326FD55C200E39155 = {
						CreatedOnToolsVersion = 13.0;
						TestTargetID = 1C5BFC8326FD55BD00E39155;
					};
				};
			};
			buildConfigurationList = 1C5BFC7F26FD55BD00E39155 /* Build configuration list for PBXProject "FlixApp" */;
			compatibilityVersion = "Xcode 13.0";
			developmentRegion = en;
			hasScannedForEncodings = 0;
			knownRegions = (
				en,
				Base,
			);
			mainGroup = 1C5BFC7B26FD55BD00E39155;
			packageReferences = (
				1C5BFCB926FD795400E39155 /* XCRemoteSwiftPackageReference "AlamofireImage" */,
			);
			productRefGroup = 1C5BFC8526FD55BD00E39155 /* Products */;
			projectDirPath = "";
			projectRoot = "";
			targets = (
				1C5BFC8326FD55BD00E39155 /* FlixApp */,
				1C5BFC9926FD55C200E39155 /* FlixAppTests */,
				1C5BFCA326FD55C200E39155 /* FlixAppUITests */,
			);
		};
/* End PBXProject section */

/* Begin PBXResourcesBuildPhase section */
		1C5BFC8226FD55BD00E39155 /* Resources */ = {
			isa = PBXResourcesBuildPhase;
			buildActionMask = 2147483647;
			files = (
				1C5BFC9426FD55C200E39155 /* LaunchScreen.storyboard in Resources */,
				1C5BFC9126FD55C200E39155 /* Assets.xcassets in Resources */,
				1C5BFC8F26FD55BD00E39155 /* Main.storyboard in Resources */,
			);
			runOnlyForDeploymentPostprocessing = 0;
		};
		1C5BFC9826FD55C200E39155 /* Resources */ = {
			isa = PBXResourcesBuildPhase;
			buildActionMask = 2147483647;
			files = (
			);
			runOnlyForDeploymentPostprocessing = 0;
		};
		1C5BFCA226FD55C200E39155 /* Resources */ = {
			isa = PBXResourcesBuildPhase;
			buildActionMask = 2147483647;
			files = (
			);
			runOnlyForDeploymentPostprocessing = 0;
		};
/* End PBXResourcesBuildPhase section */

/* Begin PBXShellScriptBuildPhase section */
		71DE84A3D7D7D29E99CCE6C8 /* [CP] Embed Pods Frameworks */ = {
			isa = PBXShellScriptBuildPhase;
			buildActionMask = 2147483647;
			files = (
			);
			inputFileListPaths = (
				"${PODS_ROOT}/Target Support Files/Pods-FlixApp-FlixAppUITests/Pods-FlixApp-FlixAppUITests-frameworks-${CONFIGURATION}-input-files.xcfilelist",
			);
			name = "[CP] Embed Pods Frameworks";
			outputFileListPaths = (
				"${PODS_ROOT}/Target Support Files/Pods-FlixApp-FlixAppUITests/Pods-FlixApp-FlixAppUITests-frameworks-${CONFIGURATION}-output-files.xcfilelist",
			);
			runOnlyForDeploymentPostprocessing = 0;
			shellPath = /bin/sh;
			shellScript = "\"${PODS_ROOT}/Target Support Files/Pods-FlixApp-FlixAppUITests/Pods-FlixApp-FlixAppUITests-frameworks.sh\"\n";
			showEnvVarsInLog = 0;
		};
		BE2AD38C7A64635887930F1D /* [CP] Check Pods Manifest.lock */ = {
			isa = PBXShellScriptBuildPhase;
			buildActionMask = 2147483647;
			files = (
			);
			inputFileListPaths = (
			);
			inputPaths = (
				"${PODS_PODFILE_DIR_PATH}/Podfile.lock",
				"${PODS_ROOT}/Manifest.lock",
			);
			name = "[CP] Check Pods Manifest.lock";
			outputFileListPaths = (
			);
			outputPaths = (
				"$(DERIVED_FILE_DIR)/Pods-FlixApp-checkManifestLockResult.txt",
			);
			runOnlyForDeploymentPostprocessing = 0;
			shellPath = /bin/sh;
			shellScript = "diff \"${PODS_PODFILE_DIR_PATH}/Podfile.lock\" \"${PODS_ROOT}/Manifest.lock\" > /dev/null\nif [ $? != 0 ] ; then\n    # print error to STDERR\n    echo \"error: The sandbox is not in sync with the Podfile.lock. Run 'pod install' or update your CocoaPods installation.\" >&2\n    exit 1\nfi\n# This output is used by Xcode 'outputs' to avoid re-running this script phase.\necho \"SUCCESS\" > \"${SCRIPT_OUTPUT_FILE_0}\"\n";
			showEnvVarsInLog = 0;
		};
		C88EACE59B64EB4E80CF278A /* [CP] Check Pods Manifest.lock */ = {
			isa = PBXShellScriptBuildPhase;
			buildActionMask = 2147483647;
			files = (
			);
			inputFileListPaths = (
			);
			inputPaths = (
				"${PODS_PODFILE_DIR_PATH}/Podfile.lock",
				"${PODS_ROOT}/Manifest.lock",
			);
			name = "[CP] Check Pods Manifest.lock";
			outputFileListPaths = (
			);
			outputPaths = (
				"$(DERIVED_FILE_DIR)/Pods-FlixApp-FlixAppUITests-checkManifestLockResult.txt",
			);
			runOnlyForDeploymentPostprocessing = 0;
			shellPath = /bin/sh;
			shellScript = "diff \"${PODS_PODFILE_DIR_PATH}/Podfile.lock\" \"${PODS_ROOT}/Manifest.lock\" > /dev/null\nif [ $? != 0 ] ; then\n    # print error to STDERR\n    echo \"error: The sandbox is not in sync with the Podfile.lock. Run 'pod install' or update your CocoaPods installation.\" >&2\n    exit 1\nfi\n# This output is used by Xcode 'outputs' to avoid re-running this script phase.\necho \"SUCCESS\" > \"${SCRIPT_OUTPUT_FILE_0}\"\n";
			showEnvVarsInLog = 0;
		};
		D8D3492986D551780C9C0B4F /* [CP] Embed Pods Frameworks */ = {
			isa = PBXShellScriptBuildPhase;
			buildActionMask = 2147483647;
			files = (
			);
			inputFileListPaths = (
				"${PODS_ROOT}/Target Support Files/Pods-FlixApp/Pods-FlixApp-frameworks-${CONFIGURATION}-input-files.xcfilelist",
			);
			name = "[CP] Embed Pods Frameworks";
			outputFileListPaths = (
				"${PODS_ROOT}/Target Support Files/Pods-FlixApp/Pods-FlixApp-frameworks-${CONFIGURATION}-output-files.xcfilelist",
			);
			runOnlyForDeploymentPostprocessing = 0;
			shellPath = /bin/sh;
			shellScript = "\"${PODS_ROOT}/Target Support Files/Pods-FlixApp/Pods-FlixApp-frameworks.sh\"\n";
			showEnvVarsInLog = 0;
		};
		E2C43ABB94913A8FCD04F9F8 /* [CP] Check Pods Manifest.lock */ = {
			isa = PBXShellScriptBuildPhase;
			buildActionMask = 2147483647;
			files = (
			);
			inputFileListPaths = (
			);
			inputPaths = (
				"${PODS_PODFILE_DIR_PATH}/Podfile.lock",
				"${PODS_ROOT}/Manifest.lock",
			);
			name = "[CP] Check Pods Manifest.lock";
			outputFileListPaths = (
			);
			outputPaths = (
				"$(DERIVED_FILE_DIR)/Pods-FlixAppTests-checkManifestLockResult.txt",
			);
			runOnlyForDeploymentPostprocessing = 0;
			shellPath = /bin/sh;
			shellScript = "diff \"${PODS_PODFILE_DIR_PATH}/Podfile.lock\" \"${PODS_ROOT}/Manifest.lock\" > /dev/null\nif [ $? != 0 ] ; then\n    # print error to STDERR\n    echo \"error: The sandbox is not in sync with the Podfile.lock. Run 'pod install' or update your CocoaPods installation.\" >&2\n    exit 1\nfi\n# This output is used by Xcode 'outputs' to avoid re-running this script phase.\necho \"SUCCESS\" > \"${SCRIPT_OUTPUT_FILE_0}\"\n";
			showEnvVarsInLog = 0;
		};
/* End PBXShellScriptBuildPhase section */

/* Begin PBXSourcesBuildPhase section */
		1C5BFC8026FD55BD00E39155 /* Sources */ = {
			isa = PBXSourcesBuildPhase;
			buildActionMask = 2147483647;
			files = (
				1C5BFC8C26FD55BD00E39155 /* ViewController.swift in Sources */,
				1C5BFC8826FD55BD00E39155 /* AppDelegate.swift in Sources */,
				1C5BFCB826FD74AE00E39155 /* MovieCell.swift in Sources */,
				1C5BFC8A26FD55BD00E39155 /* SceneDelegate.swift in Sources */,
			);
			runOnlyForDeploymentPostprocessing = 0;
		};
		1C5BFC9626FD55C200E39155 /* Sources */ = {
			isa = PBXSourcesBuildPhase;
			buildActionMask = 2147483647;
			files = (
				1C5BFC9F26FD55C200E39155 /* FlixAppTests.swift in Sources */,
			);
			runOnlyForDeploymentPostprocessing = 0;
		};
		1C5BFCA026FD55C200E39155 /* Sources */ = {
			isa = PBXSourcesBuildPhase;
			buildActionMask = 2147483647;
			files = (
				1C5BFCA926FD55C200E39155 /* FlixAppUITests.swift in Sources */,
				1C5BFCAB26FD55C200E39155 /* FlixAppUITestsLaunchTests.swift in Sources */,
			);
			runOnlyForDeploymentPostprocessing = 0;
		};
/* End PBXSourcesBuildPhase section */

/* Begin PBXTargetDependency section */
		1C5BFC9C26FD55C200E39155 /* PBXTargetDependency */ = {
			isa = PBXTargetDependency;
			target = 1C5BFC8326FD55BD00E39155 /* FlixApp */;
			targetProxy = 1C5BFC9B26FD55C200E39155 /* PBXContainerItemProxy */;
		};
		1C5BFCA626FD55C200E39155 /* PBXTargetDependency */ = {
			isa = PBXTargetDependency;
			target = 1C5BFC8326FD55BD00E39155 /* FlixApp */;
			targetProxy = 1C5BFCA526FD55C200E39155 /* PBXContainerItemProxy */;
		};
/* End PBXTargetDependency section */

/* Begin PBXVariantGroup section */
		1C5BFC8D26FD55BD00E39155 /* Main.storyboard */ = {
			isa = PBXVariantGroup;
			children = (
				1C5BFC8E26FD55BD00E39155 /* Base */,
			);
			name = Main.storyboard;
			sourceTree = "<group>";
		};
		1C5BFC9226FD55C200E39155 /* LaunchScreen.storyboard */ = {
			isa = PBXVariantGroup;
			children = (
				1C5BFC9326FD55C200E39155 /* Base */,
			);
			name = LaunchScreen.storyboard;
			sourceTree = "<group>";
		};
/* End PBXVariantGroup section */

/* Begin XCBuildConfiguration section */
		1C5BFCAC26FD55C200E39155 /* Debug */ = {
			isa = XCBuildConfiguration;
			buildSettings = {
				ALWAYS_SEARCH_USER_PATHS = NO;
				CLANG_ANALYZER_NONNULL = YES;
				CLANG_ANALYZER_NUMBER_OBJECT_CONVERSION = YES_AGGRESSIVE;
				CLANG_CXX_LANGUAGE_STANDARD = "gnu++17";
				CLANG_CXX_LIBRARY = "libc++";
				CLANG_ENABLE_MODULES = YES;
				CLANG_ENABLE_OBJC_ARC = YES;
				CLANG_ENABLE_OBJC_WEAK = YES;
				CLANG_WARN_BLOCK_CAPTURE_AUTORELEASING = YES;
				CLANG_WARN_BOOL_CONVERSION = YES;
				CLANG_WARN_COMMA = YES;
				CLANG_WARN_CONSTANT_CONVERSION = YES;
				CLANG_WARN_DEPRECATED_OBJC_IMPLEMENTATIONS = YES;
				CLANG_WARN_DIRECT_OBJC_ISA_USAGE = YES_ERROR;
				CLANG_WARN_DOCUMENTATION_COMMENTS = YES;
				CLANG_WARN_EMPTY_BODY = YES;
				CLANG_WARN_ENUM_CONVERSION = YES;
				CLANG_WARN_INFINITE_RECURSION = YES;
				CLANG_WARN_INT_CONVERSION = YES;
				CLANG_WARN_NON_LITERAL_NULL_CONVERSION = YES;
				CLANG_WARN_OBJC_IMPLICIT_RETAIN_SELF = YES;
				CLANG_WARN_OBJC_LITERAL_CONVERSION = YES;
				CLANG_WARN_OBJC_ROOT_CLASS = YES_ERROR;
				CLANG_WARN_QUOTED_INCLUDE_IN_FRAMEWORK_HEADER = YES;
				CLANG_WARN_RANGE_LOOP_ANALYSIS = YES;
				CLANG_WARN_STRICT_PROTOTYPES = YES;
				CLANG_WARN_SUSPICIOUS_MOVE = YES;
				CLANG_WARN_UNGUARDED_AVAILABILITY = YES_AGGRESSIVE;
				CLANG_WARN_UNREACHABLE_CODE = YES;
				CLANG_WARN__DUPLICATE_METHOD_MATCH = YES;
				COPY_PHASE_STRIP = NO;
				DEBUG_INFORMATION_FORMAT = dwarf;
				ENABLE_STRICT_OBJC_MSGSEND = YES;
				ENABLE_TESTABILITY = YES;
				GCC_C_LANGUAGE_STANDARD = gnu11;
				GCC_DYNAMIC_NO_PIC = NO;
				GCC_NO_COMMON_BLOCKS = YES;
				GCC_OPTIMIZATION_LEVEL = 0;
				GCC_PREPROCESSOR_DEFINITIONS = (
					"DEBUG=1",
					"$(inherited)",
				);
				GCC_WARN_64_TO_32_BIT_CONVERSION = YES;
				GCC_WARN_ABOUT_RETURN_TYPE = YES_ERROR;
				GCC_WARN_UNDECLARED_SELECTOR = YES;
				GCC_WARN_UNINITIALIZED_AUTOS = YES_AGGRESSIVE;
				GCC_WARN_UNUSED_FUNCTION = YES;
				GCC_WARN_UNUSED_VARIABLE = YES;
				IPHONEOS_DEPLOYMENT_TARGET = 15.0;
				MTL_ENABLE_DEBUG_INFO = INCLUDE_SOURCE;
				MTL_FAST_MATH = YES;
				ONLY_ACTIVE_ARCH = YES;
				SDKROOT = iphoneos;
				SWIFT_ACTIVE_COMPILATION_CONDITIONS = DEBUG;
				SWIFT_OPTIMIZATION_LEVEL = "-Onone";
			};
			name = Debug;
		};
		1C5BFCAD26FD55C200E39155 /* Release */ = {
			isa = XCBuildConfiguration;
			buildSettings = {
				ALWAYS_SEARCH_USER_PATHS = NO;
				CLANG_ANALYZER_NONNULL = YES;
				CLANG_ANALYZER_NUMBER_OBJECT_CONVERSION = YES_AGGRESSIVE;
				CLANG_CXX_LANGUAGE_STANDARD = "gnu++17";
				CLANG_CXX_LIBRARY = "libc++";
				CLANG_ENABLE_MODULES = YES;
				CLANG_ENABLE_OBJC_ARC = YES;
				CLANG_ENABLE_OBJC_WEAK = YES;
				CLANG_WARN_BLOCK_CAPTURE_AUTORELEASING = YES;
				CLANG_WARN_BOOL_CONVERSION = YES;
				CLANG_WARN_COMMA = YES;
				CLANG_WARN_CONSTANT_CONVERSION = YES;
				CLANG_WARN_DEPRECATED_OBJC_IMPLEMENTATIONS = YES;
				CLANG_WARN_DIRECT_OBJC_ISA_USAGE = YES_ERROR;
				CLANG_WARN_DOCUMENTATION_COMMENTS = YES;
				CLANG_WARN_EMPTY_BODY = YES;
				CLANG_WARN_ENUM_CONVERSION = YES;
				CLANG_WARN_INFINITE_RECURSION = YES;
				CLANG_WARN_INT_CONVERSION = YES;
				CLANG_WARN_NON_LITERAL_NULL_CONVERSION = YES;
				CLANG_WARN_OBJC_IMPLICIT_RETAIN_SELF = YES;
				CLANG_WARN_OBJC_LITERAL_CONVERSION = YES;
				CLANG_WARN_OBJC_ROOT_CLASS = YES_ERROR;
				CLANG_WARN_QUOTED_INCLUDE_IN_FRAMEWORK_HEADER = YES;
				CLANG_WARN_RANGE_LOOP_ANALYSIS = YES;
				CLANG_WARN_STRICT_PROTOTYPES = YES;
				CLANG_WARN_SUSPICIOUS_MOVE = YES;
				CLANG_WARN_UNGUARDED_AVAILABILITY = YES_AGGRESSIVE;
				CLANG_WARN_UNREACHABLE_CODE = YES;
				CLANG_WARN__DUPLICATE_METHOD_MATCH = YES;
				COPY_PHASE_STRIP = NO;
				DEBUG_INFORMATION_FORMAT = "dwarf-with-dsym";
				ENABLE_NS_ASSERTIONS = NO;
				ENABLE_STRICT_OBJC_MSGSEND = YES;
				GCC_C_LANGUAGE_STANDARD = gnu11;
				GCC_NO_COMMON_BLOCKS = YES;
				GCC_WARN_64_TO_32_BIT_CONVERSION = YES;
				GCC_WARN_ABOUT_RETURN_TYPE = YES_ERROR;
				GCC_WARN_UNDECLARED_SELECTOR = YES;
				GCC_WARN_UNINITIALIZED_AUTOS = YES_AGGRESSIVE;
				GCC_WARN_UNUSED_FUNCTION = YES;
				GCC_WARN_UNUSED_VARIABLE = YES;
				IPHONEOS_DEPLOYMENT_TARGET = 15.0;
				MTL_ENABLE_DEBUG_INFO = NO;
				MTL_FAST_MATH = YES;
				SDKROOT = iphoneos;
				SWIFT_COMPILATION_MODE = wholemodule;
				SWIFT_OPTIMIZATION_LEVEL = "-O";
				VALIDATE_PRODUCT = YES;
			};
			name = Release;
		};
		1C5BFCAF26FD55C200E39155 /* Debug */ = {
			isa = XCBuildConfiguration;
			baseConfigurationReference = C66C88AF3D44AE92336BC9B9 /* Pods-FlixApp.debug.xcconfig */;
			buildSettings = {
				ASSETCATALOG_COMPILER_APPICON_NAME = AppIcon;
				ASSETCATALOG_COMPILER_GLOBAL_ACCENT_COLOR_NAME = AccentColor;
				CODE_SIGN_STYLE = Automatic;
				CURRENT_PROJECT_VERSION = 1;
				DEVELOPMENT_TEAM = 34J5LU6AF6;
				GENERATE_INFOPLIST_FILE = YES;
				INFOPLIST_FILE = FlixApp/Info.plist;
				INFOPLIST_KEY_UIApplicationSupportsIndirectInputEvents = YES;
				INFOPLIST_KEY_UILaunchStoryboardName = LaunchScreen;
				INFOPLIST_KEY_UIMainStoryboardFile = Main;
				INFOPLIST_KEY_UISupportedInterfaceOrientations_iPad = "UIInterfaceOrientationPortrait UIInterfaceOrientationPortraitUpsideDown UIInterfaceOrientationLandscapeLeft UIInterfaceOrientationLandscapeRight";
				INFOPLIST_KEY_UISupportedInterfaceOrientations_iPhone = "UIInterfaceOrientationPortrait UIInterfaceOrientationLandscapeLeft UIInterfaceOrientationLandscapeRight";
				LD_RUNPATH_SEARCH_PATHS = (
					"$(inherited)",
					"@executable_path/Frameworks",
				);
				MARKETING_VERSION = 1.0;
				PRODUCT_BUNDLE_IDENTIFIER = com.jtang243.FlixApp;
				PRODUCT_NAME = "$(TARGET_NAME)";
				SWIFT_EMIT_LOC_STRINGS = YES;
				SWIFT_VERSION = 5.0;
				TARGETED_DEVICE_FAMILY = "1,2";
			};
			name = Debug;
		};
		1C5BFCB026FD55C200E39155 /* Release */ = {
			isa = XCBuildConfiguration;
			baseConfigurationReference = ACE41B687F81DD25E31AAEF6 /* Pods-FlixApp.release.xcconfig */;
			buildSettings = {
				ASSETCATALOG_COMPILER_APPICON_NAME = AppIcon;
				ASSETCATALOG_COMPILER_GLOBAL_ACCENT_COLOR_NAME = AccentColor;
				CODE_SIGN_STYLE = Automatic;
				CURRENT_PROJECT_VERSION = 1;
				DEVELOPMENT_TEAM = 34J5LU6AF6;
				GENERATE_INFOPLIST_FILE = YES;
				INFOPLIST_FILE = FlixApp/Info.plist;
				INFOPLIST_KEY_UIApplicationSupportsIndirectInputEvents = YES;
				INFOPLIST_KEY_UILaunchStoryboardName = LaunchScreen;
				INFOPLIST_KEY_UIMainStoryboardFile = Main;
				INFOPLIST_KEY_UISupportedInterfaceOrientations_iPad = "UIInterfaceOrientationPortrait UIInterfaceOrientationPortraitUpsideDown UIInterfaceOrientationLandscapeLeft UIInterfaceOrientationLandscapeRight";
				INFOPLIST_KEY_UISupportedInterfaceOrientations_iPhone = "UIInterfaceOrientationPortrait UIInterfaceOrientationLandscapeLeft UIInterfaceOrientationLandscapeRight";
				LD_RUNPATH_SEARCH_PATHS = (
					"$(inherited)",
					"@executable_path/Frameworks",
				);
				MARKETING_VERSION = 1.0;
				PRODUCT_BUNDLE_IDENTIFIER = com.jtang243.FlixApp;
				PRODUCT_NAME = "$(TARGET_NAME)";
				SWIFT_EMIT_LOC_STRINGS = YES;
				SWIFT_VERSION = 5.0;
				TARGETED_DEVICE_FAMILY = "1,2";
			};
			name = Release;
		};
		1C5BFCB226FD55C200E39155 /* Debug */ = {
			isa = XCBuildConfiguration;
			baseConfigurationReference = C9C051A49C142311D6279E35 /* Pods-FlixAppTests.debug.xcconfig */;
			buildSettings = {
				ALWAYS_EMBED_SWIFT_STANDARD_LIBRARIES = YES;
				BUNDLE_LOADER = "$(TEST_HOST)";
				CODE_SIGN_STYLE = Automatic;
				CURRENT_PROJECT_VERSION = 1;
				DEVELOPMENT_TEAM = 34J5LU6AF6;
				GENERATE_INFOPLIST_FILE = YES;
				IPHONEOS_DEPLOYMENT_TARGET = 15.0;
				LD_RUNPATH_SEARCH_PATHS = (
					"$(inherited)",
					"@executable_path/Frameworks",
					"@loader_path/Frameworks",
				);
				MARKETING_VERSION = 1.0;
				PRODUCT_BUNDLE_IDENTIFIER = com.jtang243.FlixAppTests;
				PRODUCT_NAME = "$(TARGET_NAME)";
				SWIFT_EMIT_LOC_STRINGS = NO;
				SWIFT_VERSION = 5.0;
				TARGETED_DEVICE_FAMILY = "1,2";
				TEST_HOST = "$(BUILT_PRODUCTS_DIR)/FlixApp.app/FlixApp";
			};
			name = Debug;
		};
		1C5BFCB326FD55C200E39155 /* Release */ = {
			isa = XCBuildConfiguration;
			baseConfigurationReference = 80671C324A8DDAD44C5DAC9A /* Pods-FlixAppTests.release.xcconfig */;
			buildSettings = {
				ALWAYS_EMBED_SWIFT_STANDARD_LIBRARIES = YES;
				BUNDLE_LOADER = "$(TEST_HOST)";
				CODE_SIGN_STYLE = Automatic;
				CURRENT_PROJECT_VERSION = 1;
				DEVELOPMENT_TEAM = 34J5LU6AF6;
				GENERATE_INFOPLIST_FILE = YES;
				IPHONEOS_DEPLOYMENT_TARGET = 15.0;
				LD_RUNPATH_SEARCH_PATHS = (
					"$(inherited)",
					"@executable_path/Frameworks",
					"@loader_path/Frameworks",
				);
				MARKETING_VERSION = 1.0;
				PRODUCT_BUNDLE_IDENTIFIER = com.jtang243.FlixAppTests;
				PRODUCT_NAME = "$(TARGET_NAME)";
				SWIFT_EMIT_LOC_STRINGS = NO;
				SWIFT_VERSION = 5.0;
				TARGETED_DEVICE_FAMILY = "1,2";
				TEST_HOST = "$(BUILT_PRODUCTS_DIR)/FlixApp.app/FlixApp";
			};
			name = Release;
		};
		1C5BFCB526FD55C200E39155 /* Debug */ = {
			isa = XCBuildConfiguration;
			baseConfigurationReference = 47A8208658AA9975CDA7DC16 /* Pods-FlixApp-FlixAppUITests.debug.xcconfig */;
			buildSettings = {
				ALWAYS_EMBED_SWIFT_STANDARD_LIBRARIES = YES;
				CODE_SIGN_STYLE = Automatic;
				CURRENT_PROJECT_VERSION = 1;
				DEVELOPMENT_TEAM = 34J5LU6AF6;
				GENERATE_INFOPLIST_FILE = YES;
				LD_RUNPATH_SEARCH_PATHS = (
					"$(inherited)",
					"@executable_path/Frameworks",
					"@loader_path/Frameworks",
				);
				MARKETING_VERSION = 1.0;
				PRODUCT_BUNDLE_IDENTIFIER = com.jtang243.FlixAppUITests;
				PRODUCT_NAME = "$(TARGET_NAME)";
				SWIFT_EMIT_LOC_STRINGS = NO;
				SWIFT_VERSION = 5.0;
				TARGETED_DEVICE_FAMILY = "1,2";
				TEST_TARGET_NAME = FlixApp;
			};
			name = Debug;
		};
		1C5BFCB626FD55C200E39155 /* Release */ = {
			isa = XCBuildConfiguration;
			baseConfigurationReference = 62CB6790D46B105FC2D9DE28 /* Pods-FlixApp-FlixAppUITests.release.xcconfig */;
			buildSettings = {
				ALWAYS_EMBED_SWIFT_STANDARD_LIBRARIES = YES;
				CODE_SIGN_STYLE = Automatic;
				CURRENT_PROJECT_VERSION = 1;
				DEVELOPMENT_TEAM = 34J5LU6AF6;
				GENERATE_INFOPLIST_FILE = YES;
				LD_RUNPATH_SEARCH_PATHS = (
					"$(inherited)",
					"@executable_path/Frameworks",
					"@loader_path/Frameworks",
				);
				MARKETING_VERSION = 1.0;
				PRODUCT_BUNDLE_IDENTIFIER = com.jtang243.FlixAppUITests;
				PRODUCT_NAME = "$(TARGET_NAME)";
				SWIFT_EMIT_LOC_STRINGS = NO;
				SWIFT_VERSION = 5.0;
				TARGETED_DEVICE_FAMILY = "1,2";
				TEST_TARGET_NAME = FlixApp;
			};
			name = Release;
		};
/* End XCBuildConfiguration section */

/* Begin XCConfigurationList section */
		1C5BFC7F26FD55BD00E39155 /* Build configuration list for PBXProject "FlixApp" */ = {
			isa = XCConfigurationList;
			buildConfigurations = (
				1C5BFCAC26FD55C200E39155 /* Debug */,
				1C5BFCAD26FD55C200E39155 /* Release */,
			);
			defaultConfigurationIsVisible = 0;
			defaultConfigurationName = Release;
		};
		1C5BFCAE26FD55C200E39155 /* Build configuration list for PBXNativeTarget "FlixApp" */ = {
			isa = XCConfigurationList;
			buildConfigurations = (
				1C5BFCAF26FD55C200E39155 /* Debug */,
				1C5BFCB026FD55C200E39155 /* Release */,
			);
			defaultConfigurationIsVisible = 0;
			defaultConfigurationName = Release;
		};
		1C5BFCB126FD55C200E39155 /* Build configuration list for PBXNativeTarget "FlixAppTests" */ = {
			isa = XCConfigurationList;
			buildConfigurations = (
				1C5BFCB226FD55C200E39155 /* Debug */,
				1C5BFCB326FD55C200E39155 /* Release */,
			);
			defaultConfigurationIsVisible = 0;
			defaultConfigurationName = Release;
		};
		1C5BFCB426FD55C200E39155 /* Build configuration list for PBXNativeTarget "FlixAppUITests" */ = {
			isa = XCConfigurationList;
			buildConfigurations = (
				1C5BFCB526FD55C200E39155 /* Debug */,
				1C5BFCB626FD55C200E39155 /* Release */,
			);
			defaultConfigurationIsVisible = 0;
			defaultConfigurationName = Release;
		};
/* End XCConfigurationList section */

/* Begin XCRemoteSwiftPackageReference section */
		1C5BFCB926FD795400E39155 /* XCRemoteSwiftPackageReference "AlamofireImage" */ = {
			isa = XCRemoteSwiftPackageReference;
			repositoryURL = "https://github.com/Alamofire/AlamofireImage";
			requirement = {
				kind = upToNextMajorVersion;
				minimumVersion = 4.0.0;
			};
		};
/* End XCRemoteSwiftPackageReference section */

/* Begin XCSwiftPackageProductDependency section */
		1C5BFCBA26FD795400E39155 /* AlamofireImage */ = {
			isa = XCSwiftPackageProductDependency;
			package = 1C5BFCB926FD795400E39155 /* XCRemoteSwiftPackageReference "AlamofireImage" */;
			productName = AlamofireImage;
		};
/* End XCSwiftPackageProductDependency section */
	};
	rootObject = 1C5BFC7C26FD55BD00E39155 /* Project object */;
}
